// !$*UTF8*$!
{
	archiveVersion = 1;
	classes = {
	};
	objectVersion = 55;
	objects = {

/* Begin PBXBuildFile section */
		BA35BDBB26762D37004BAEB9 /* WWDC_2021App.swift in Sources */ = {isa = PBXBuildFile; fileRef = BA35BDBA26762D37004BAEB9 /* WWDC_2021App.swift */; };
		BA35BDBD26762D37004BAEB9 /* ContentView.swift in Sources */ = {isa = PBXBuildFile; fileRef = BA35BDBC26762D37004BAEB9 /* ContentView.swift */; };
		BA35BDBF26762D3A004BAEB9 /* Assets.xcassets in Resources */ = {isa = PBXBuildFile; fileRef = BA35BDBE26762D3A004BAEB9 /* Assets.xcassets */; };
		BA35BDC226762D3A004BAEB9 /* Preview Assets.xcassets in Resources */ = {isa = PBXBuildFile; fileRef = BA35BDC126762D3A004BAEB9 /* Preview Assets.xcassets */; };
		BA35BDCC26762D3A004BAEB9 /* WWDC_2021Tests.swift in Sources */ = {isa = PBXBuildFile; fileRef = BA35BDCB26762D3A004BAEB9 /* WWDC_2021Tests.swift */; };
		BA35BDD626762D3A004BAEB9 /* WWDC_2021UITests.swift in Sources */ = {isa = PBXBuildFile; fileRef = BA35BDD526762D3A004BAEB9 /* WWDC_2021UITests.swift */; };
/* End PBXBuildFile section */

/* Begin PBXContainerItemProxy section */
		BA35BDC826762D3A004BAEB9 /* PBXContainerItemProxy */ = {
			isa = PBXContainerItemProxy;
			containerPortal = BA35BDAF26762D37004BAEB9 /* Project object */;
			proxyType = 1;
			remoteGlobalIDString = BA35BDB626762D37004BAEB9;
			remoteInfo = "WWDC-2021";
		};
		BA35BDD226762D3A004BAEB9 /* PBXContainerItemProxy */ = {
			isa = PBXContainerItemProxy;
			containerPortal = BA35BDAF26762D37004BAEB9 /* Project object */;
			proxyType = 1;
			remoteGlobalIDString = BA35BDB626762D37004BAEB9;
			remoteInfo = "WWDC-2021";
		};
/* End PBXContainerItemProxy section */

/* Begin PBXFileReference section */
		BA35BDB726762D37004BAEB9 /* WWDC-2021.app */ = {isa = PBXFileReference; explicitFileType = wrapper.application; includeInIndex = 0; path = "WWDC-2021.app"; sourceTree = BUILT_PRODUCTS_DIR; };
		BA35BDBA26762D37004BAEB9 /* WWDC_2021App.swift */ = {isa = PBXFileReference; lastKnownFileType = sourcecode.swift; path = WWDC_2021App.swift; sourceTree = "<group>"; };
		BA35BDBC26762D37004BAEB9 /* ContentView.swift */ = {isa = PBXFileReference; lastKnownFileType = sourcecode.swift; path = ContentView.swift; sourceTree = "<group>"; };
		BA35BDBE26762D3A004BAEB9 /* Assets.xcassets */ = {isa = PBXFileReference; lastKnownFileType = folder.assetcatalog; path = Assets.xcassets; sourceTree = "<group>"; };
		BA35BDC126762D3A004BAEB9 /* Preview Assets.xcassets */ = {isa = PBXFileReference; lastKnownFileType = folder.assetcatalog; path = "Preview Assets.xcassets"; sourceTree = "<group>"; };
		BA35BDC726762D3A004BAEB9 /* WWDC-2021Tests.xctest */ = {isa = PBXFileReference; explicitFileType = wrapper.cfbundle; includeInIndex = 0; path = "WWDC-2021Tests.xctest"; sourceTree = BUILT_PRODUCTS_DIR; };
		BA35BDCB26762D3A004BAEB9 /* WWDC_2021Tests.swift */ = {isa = PBXFileReference; lastKnownFileType = sourcecode.swift; path = WWDC_2021Tests.swift; sourceTree = "<group>"; };
		BA35BDD126762D3A004BAEB9 /* WWDC-2021UITests.xctest */ = {isa = PBXFileReference; explicitFileType = wrapper.cfbundle; includeInIndex = 0; path = "WWDC-2021UITests.xctest"; sourceTree = BUILT_PRODUCTS_DIR; };
		BA35BDD526762D3A004BAEB9 /* WWDC_2021UITests.swift */ = {isa = PBXFileReference; lastKnownFileType = sourcecode.swift; path = WWDC_2021UITests.swift; sourceTree = "<group>"; };
/* End PBXFileReference section */

/* Begin PBXFrameworksBuildPhase section */
		BA35BDB426762D37004BAEB9 /* Frameworks */ = {
			isa = PBXFrameworksBuildPhase;
			buildActionMask = 2147483647;
			files = (
			);
			runOnlyForDeploymentPostprocessing = 0;
		};
		BA35BDC426762D3A004BAEB9 /* Frameworks */ = {
			isa = PBXFrameworksBuildPhase;
			buildActionMask = 2147483647;
			files = (
			);
			runOnlyForDeploymentPostprocessing = 0;
		};
		BA35BDCE26762D3A004BAEB9 /* Frameworks */ = {
			isa = PBXFrameworksBuildPhase;
			buildActionMask = 2147483647;
			files = (
			);
			runOnlyForDeploymentPostprocessing = 0;
		};
/* End PBXFrameworksBuildPhase section */

/* Begin PBXGroup section */
		BA35BDAE26762D37004BAEB9 = {
			isa = PBXGroup;
			children = (
				BA35BDB926762D37004BAEB9 /* WWDC-2021 */,
				BA35BDCA26762D3A004BAEB9 /* WWDC-2021Tests */,
				BA35BDD426762D3A004BAEB9 /* WWDC-2021UITests */,
				BA35BDB826762D37004BAEB9 /* Products */,
			);
			sourceTree = "<group>";
		};
		BA35BDB826762D37004BAEB9 /* Products */ = {
			isa = PBXGroup;
			children = (
				BA35BDB726762D37004BAEB9 /* WWDC-2021.app */,
				BA35BDC726762D3A004BAEB9 /* WWDC-2021Tests.xctest */,
				BA35BDD126762D3A004BAEB9 /* WWDC-2021UITests.xctest */,
			);
			name = Products;
			sourceTree = "<group>";
		};
		BA35BDB926762D37004BAEB9 /* WWDC-2021 */ = {
			isa = PBXGroup;
			children = (
				BA35BDBA26762D37004BAEB9 /* WWDC_2021App.swift */,
				BA35BDBC26762D37004BAEB9 /* ContentView.swift */,
				BA35BDBE26762D3A004BAEB9 /* Assets.xcassets */,
				BA35BDC026762D3A004BAEB9 /* Preview Content */,
			);
			path = "WWDC-2021";
			sourceTree = "<group>";
		};
		BA35BDC026762D3A004BAEB9 /* Preview Content */ = {
			isa = PBXGroup;
			children = (
				BA35BDC126762D3A004BAEB9 /* Preview Assets.xcassets */,
			);
			path = "Preview Content";
			sourceTree = "<group>";
		};
		BA35BDCA26762D3A004BAEB9 /* WWDC-2021Tests */ = {
			isa = PBXGroup;
			children = (
				BA35BDCB26762D3A004BAEB9 /* WWDC_2021Tests.swift */,
			);
			path = "WWDC-2021Tests";
			sourceTree = "<group>";
		};
		BA35BDD426762D3A004BAEB9 /* WWDC-2021UITests */ = {
			isa = PBXGroup;
			children = (
				BA35BDD526762D3A004BAEB9 /* WWDC_2021UITests.swift */,
			);
			path = "WWDC-2021UITests";
			sourceTree = "<group>";
		};
/* End PBXGroup section */

/* Begin PBXNativeTarget section */
		BA35BDB626762D37004BAEB9 /* WWDC-2021 */ = {
			isa = PBXNativeTarget;
			buildConfigurationList = BA35BDD926762D3A004BAEB9 /* Build configuration list for PBXNativeTarget "WWDC-2021" */;
			buildPhases = (
				BA35BDB326762D37004BAEB9 /* Sources */,
				BA35BDB426762D37004BAEB9 /* Frameworks */,
				BA35BDB526762D37004BAEB9 /* Resources */,
			);
			buildRules = (
			);
			dependencies = (
			);
			name = "WWDC-2021";
			productName = "WWDC-2021";
			productReference = BA35BDB726762D37004BAEB9 /* WWDC-2021.app */;
			productType = "com.apple.product-type.application";
		};
		BA35BDC626762D3A004BAEB9 /* WWDC-2021Tests */ = {
			isa = PBXNativeTarget;
			buildConfigurationList = BA35BDDC26762D3A004BAEB9 /* Build configuration list for PBXNativeTarget "WWDC-2021Tests" */;
			buildPhases = (
				BA35BDC326762D3A004BAEB9 /* Sources */,
				BA35BDC426762D3A004BAEB9 /* Frameworks */,
				BA35BDC526762D3A004BAEB9 /* Resources */,
			);
			buildRules = (
			);
			dependencies = (
				BA35BDC926762D3A004BAEB9 /* PBXTargetDependency */,
			);
			name = "WWDC-2021Tests";
			productName = "WWDC-2021Tests";
			productReference = BA35BDC726762D3A004BAEB9 /* WWDC-2021Tests.xctest */;
			productType = "com.apple.product-type.bundle.unit-test";
		};
		BA35BDD026762D3A004BAEB9 /* WWDC-2021UITests */ = {
			isa = PBXNativeTarget;
			buildConfigurationList = BA35BDDF26762D3A004BAEB9 /* Build configuration list for PBXNativeTarget "WWDC-2021UITests" */;
			buildPhases = (
				BA35BDCD26762D3A004BAEB9 /* Sources */,
				BA35BDCE26762D3A004BAEB9 /* Frameworks */,
				BA35BDCF26762D3A004BAEB9 /* Resources */,
			);
			buildRules = (
			);
			dependencies = (
				BA35BDD326762D3A004BAEB9 /* PBXTargetDependency */,
			);
			name = "WWDC-2021UITests";
			productName = "WWDC-2021UITests";
			productReference = BA35BDD126762D3A004BAEB9 /* WWDC-2021UITests.xctest */;
			productType = "com.apple.product-type.bundle.ui-testing";
		};
/* End PBXNativeTarget section */

/* Begin PBXProject section */
		BA35BDAF26762D37004BAEB9 /* Project object */ = {
			isa = PBXProject;
			attributes = {
				BuildIndependentTargetsInParallel = 1;
				LastSwiftUpdateCheck = 1300;
				LastUpgradeCheck = 1300;
				TargetAttributes = {
					BA35BDB626762D37004BAEB9 = {
						CreatedOnToolsVersion = 13.0;
					};
					BA35BDC626762D3A004BAEB9 = {
						CreatedOnToolsVersion = 13.0;
						TestTargetID = BA35BDB626762D37004BAEB9;
					};
					BA35BDD026762D3A004BAEB9 = {
						CreatedOnToolsVersion = 13.0;
						TestTargetID = BA35BDB626762D37004BAEB9;
					};
				};
			};
			buildConfigurationList = BA35BDB226762D37004BAEB9 /* Build configuration list for PBXProject "WWDC-2021" */;
			compatibilityVersion = "Xcode 13.0";
			developmentRegion = en;
			hasScannedForEncodings = 0;
			knownRegions = (
				en,
				Base,
			);
			mainGroup = BA35BDAE26762D37004BAEB9;
			productRefGroup = BA35BDB826762D37004BAEB9 /* Products */;
			projectDirPath = "";
			projectRoot = "";
			targets = (
				BA35BDB626762D37004BAEB9 /* WWDC-2021 */,
				BA35BDC626762D3A004BAEB9 /* WWDC-2021Tests */,
				BA35BDD026762D3A004BAEB9 /* WWDC-2021UITests */,
			);
		};
/* End PBXProject section */

/* Begin PBXResourcesBuildPhase section */
		BA35BDB526762D37004BAEB9 /* Resources */ = {
			isa = PBXResourcesBuildPhase;
			buildActionMask = 2147483647;
			files = (
				BA35BDC226762D3A004BAEB9 /* Preview Assets.xcassets in Resources */,
				BA35BDBF26762D3A004BAEB9 /* Assets.xcassets in Resources */,
			);
			runOnlyForDeploymentPostprocessing = 0;
		};
		BA35BDC526762D3A004BAEB9 /* Resources */ = {
			isa = PBXResourcesBuildPhase;
			buildActionMask = 2147483647;
			files = (
			);
			runOnlyForDeploymentPostprocessing = 0;
		};
		BA35BDCF26762D3A004BAEB9 /* Resources */ = {
			isa = PBXResourcesBuildPhase;
			buildActionMask = 2147483647;
			files = (
			);
			runOnlyForDeploymentPostprocessing = 0;
		};
/* End PBXResourcesBuildPhase section */

/* Begin PBXSourcesBuildPhase section */
		BA35BDB326762D37004BAEB9 /* Sources */ = {
			isa = PBXSourcesBuildPhase;
			buildActionMask = 2147483647;
			files = (
				BA35BDBD26762D37004BAEB9 /* ContentView.swift in Sources */,
				BA35BDBB26762D37004BAEB9 /* WWDC_2021App.swift in Sources */,
			);
			runOnlyForDeploymentPostprocessing = 0;
		};
		BA35BDC326762D3A004BAEB9 /* Sources */ = {
			isa = PBXSourcesBuildPhase;
			buildActionMask = 2147483647;
			files = (
				BA35BDCC26762D3A004BAEB9 /* WWDC_2021Tests.swift in Sources */,
			);
			runOnlyForDeploymentPostprocessing = 0;
		};
		BA35BDCD26762D3A004BAEB9 /* Sources */ = {
			isa = PBXSourcesBuildPhase;
			buildActionMask = 2147483647;
			files = (
				BA35BDD626762D3A004BAEB9 /* WWDC_2021UITests.swift in Sources */,
			);
			runOnlyForDeploymentPostprocessing = 0;
		};
/* End PBXSourcesBuildPhase section */

/* Begin PBXTargetDependency section */
		BA35BDC926762D3A004BAEB9 /* PBXTargetDependency */ = {
			isa = PBXTargetDependency;
			target = BA35BDB626762D37004BAEB9 /* WWDC-2021 */;
			targetProxy = BA35BDC826762D3A004BAEB9 /* PBXContainerItemProxy */;
		};
		BA35BDD326762D3A004BAEB9 /* PBXTargetDependency */ = {
			isa = PBXTargetDependency;
			target = BA35BDB626762D37004BAEB9 /* WWDC-2021 */;
			targetProxy = BA35BDD226762D3A004BAEB9 /* PBXContainerItemProxy */;
		};
/* End PBXTargetDependency section */

/* Begin XCBuildConfiguration section */
		BA35BDD726762D3A004BAEB9 /* Debug */ = {
			isa = XCBuildConfiguration;
			buildSettings = {
				ALWAYS_SEARCH_USER_PATHS = NO;
				CLANG_ANALYZER_NONNULL = YES;
				CLANG_ANALYZER_NUMBER_OBJECT_CONVERSION = YES_AGGRESSIVE;
				CLANG_CXX_LANGUAGE_STANDARD = "gnu++14";
				CLANG_CXX_LIBRARY = "libc++";
				CLANG_ENABLE_MODULES = YES;
				CLANG_ENABLE_OBJC_ARC = YES;
				CLANG_ENABLE_OBJC_WEAK = YES;
				CLANG_WARN_BLOCK_CAPTURE_AUTORELEASING = YES;
				CLANG_WARN_BOOL_CONVERSION = YES;
				CLANG_WARN_COMMA = YES;
				CLANG_WARN_CONSTANT_CONVERSION = YES;
				CLANG_WARN_DEPRECATED_OBJC_IMPLEMENTATIONS = YES;
				CLANG_WARN_DIRECT_OBJC_ISA_USAGE = YES_ERROR;
				CLANG_WARN_DOCUMENTATION_COMMENTS = YES;
				CLANG_WARN_EMPTY_BODY = YES;
				CLANG_WARN_ENUM_CONVERSION = YES;
				CLANG_WARN_INFINITE_RECURSION = YES;
				CLANG_WARN_INT_CONVERSION = YES;
				CLANG_WARN_NON_LITERAL_NULL_CONVERSION = YES;
				CLANG_WARN_OBJC_IMPLICIT_RETAIN_SELF = YES;
				CLANG_WARN_OBJC_LITERAL_CONVERSION = YES;
				CLANG_WARN_OBJC_ROOT_CLASS = YES_ERROR;
				CLANG_WARN_QUOTED_INCLUDE_IN_FRAMEWORK_HEADER = YES;
				CLANG_WARN_RANGE_LOOP_ANALYSIS = YES;
				CLANG_WARN_STRICT_PROTOTYPES = YES;
				CLANG_WARN_SUSPICIOUS_MOVE = YES;
				CLANG_WARN_UNGUARDED_AVAILABILITY = YES_AGGRESSIVE;
				CLANG_WARN_UNREACHABLE_CODE = YES;
				CLANG_WARN__DUPLICATE_METHOD_MATCH = YES;
				COPY_PHASE_STRIP = NO;
				DEBUG_INFORMATION_FORMAT = dwarf;
				ENABLE_STRICT_OBJC_MSGSEND = YES;
				ENABLE_TESTABILITY = YES;
				GCC_C_LANGUAGE_STANDARD = gnu11;
				GCC_DYNAMIC_NO_PIC = NO;
				GCC_NO_COMMON_BLOCKS = YES;
				GCC_OPTIMIZATION_LEVEL = 0;
				GCC_PREPROCESSOR_DEFINITIONS = (
					"DEBUG=1",
					"$(inherited)",
				);
				GCC_WARN_64_TO_32_BIT_CONVERSION = YES;
				GCC_WARN_ABOUT_RETURN_TYPE = YES_ERROR;
				GCC_WARN_UNDECLARED_SELECTOR = YES;
				GCC_WARN_UNINITIALIZED_AUTOS = YES_AGGRESSIVE;
				GCC_WARN_UNUSED_FUNCTION = YES;
				GCC_WARN_UNUSED_VARIABLE = YES;
				IPHONEOS_DEPLOYMENT_TARGET = 15.0;
				MTL_ENABLE_DEBUG_INFO = INCLUDE_SOURCE;
				MTL_FAST_MATH = YES;
				ONLY_ACTIVE_ARCH = YES;
				SDKROOT = iphoneos;
				SWIFT_ACTIVE_COMPILATION_CONDITIONS = DEBUG;
				SWIFT_OPTIMIZATION_LEVEL = "-Onone";
			};
			name = Debug;
		};
		BA35BDD826762D3A004BAEB9 /* Release */ = {
			isa = XCBuildConfiguration;
			buildSettings = {
				ALWAYS_SEARCH_USER_PATHS = NO;
				CLANG_ANALYZER_NONNULL = YES;
				CLANG_ANALYZER_NUMBER_OBJECT_CONVERSION = YES_AGGRESSIVE;
				CLANG_CXX_LANGUAGE_STANDARD = "gnu++14";
				CLANG_CXX_LIBRARY = "libc++";
				CLANG_ENABLE_MODULES = YES;
				CLANG_ENABLE_OBJC_ARC = YES;
				CLANG_ENABLE_OBJC_WEAK = YES;
				CLANG_WARN_BLOCK_CAPTURE_AUTORELEASING = YES;
				CLANG_WARN_BOOL_CONVERSION = YES;
				CLANG_WARN_COMMA = YES;
				CLANG_WARN_CONSTANT_CONVERSION = YES;
				CLANG_WARN_DEPRECATED_OBJC_IMPLEMENTATIONS = YES;
				CLANG_WARN_DIRECT_OBJC_ISA_USAGE = YES_ERROR;
				CLANG_WARN_DOCUMENTATION_COMMENTS = YES;
				CLANG_WARN_EMPTY_BODY = YES;
				CLANG_WARN_ENUM_CONVERSION = YES;
				CLANG_WARN_INFINITE_RECURSION = YES;
				CLANG_WARN_INT_CONVERSION = YES;
				CLANG_WARN_NON_LITERAL_NULL_CONVERSION = YES;
				CLANG_WARN_OBJC_IMPLICIT_RETAIN_SELF = YES;
				CLANG_WARN_OBJC_LITERAL_CONVERSION = YES;
				CLANG_WARN_OBJC_ROOT_CLASS = YES_ERROR;
				CLANG_WARN_QUOTED_INCLUDE_IN_FRAMEWORK_HEADER = YES;
				CLANG_WARN_RANGE_LOOP_ANALYSIS = YES;
				CLANG_WARN_STRICT_PROTOTYPES = YES;
				CLANG_WARN_SUSPICIOUS_MOVE = YES;
				CLANG_WARN_UNGUARDED_AVAILABILITY = YES_AGGRESSIVE;
				CLANG_WARN_UNREACHABLE_CODE = YES;
				CLANG_WARN__DUPLICATE_METHOD_MATCH = YES;
				COPY_PHASE_STRIP = NO;
				DEBUG_INFORMATION_FORMAT = "dwarf-with-dsym";
				ENABLE_NS_ASSERTIONS = NO;
				ENABLE_STRICT_OBJC_MSGSEND = YES;
				GCC_C_LANGUAGE_STANDARD = gnu11;
				GCC_NO_COMMON_BLOCKS = YES;
				GCC_WARN_64_TO_32_BIT_CONVERSION = YES;
				GCC_WARN_ABOUT_RETURN_TYPE = YES_ERROR;
				GCC_WARN_UNDECLARED_SELECTOR = YES;
				GCC_WARN_UNINITIALIZED_AUTOS = YES_AGGRESSIVE;
				GCC_WARN_UNUSED_FUNCTION = YES;
				GCC_WARN_UNUSED_VARIABLE = YES;
				IPHONEOS_DEPLOYMENT_TARGET = 15.0;
				MTL_ENABLE_DEBUG_INFO = NO;
				MTL_FAST_MATH = YES;
				SDKROOT = iphoneos;
				SWIFT_COMPILATION_MODE = wholemodule;
				SWIFT_OPTIMIZATION_LEVEL = "-O";
				VALIDATE_PRODUCT = YES;
			};
			name = Release;
		};
		BA35BDDA26762D3A004BAEB9 /* Debug */ = {
			isa = XCBuildConfiguration;
			buildSettings = {
				ASSETCATALOG_COMPILER_APPICON_NAME = AppIcon;
				ASSETCATALOG_COMPILER_GLOBAL_ACCENT_COLOR_NAME = AccentColor;
				CODE_SIGN_STYLE = Automatic;
				CURRENT_PROJECT_VERSION = 1;
				DEVELOPMENT_ASSET_PATHS = "\"WWDC-2021/Preview Content\"";
				ENABLE_PREVIEWS = YES;
				GENERATE_INFOPLIST_FILE = YES;
				INFOPLIST_KEY_UIApplicationSceneManifest_Generation = YES;
				INFOPLIST_KEY_UIApplicationSupportsIndirectInputEvents = YES;
				INFOPLIST_KEY_UILaunchScreen_Generation = YES;
				INFOPLIST_KEY_UISupportedInterfaceOrientations_iPad = "UIInterfaceOrientationPortrait UIInterfaceOrientationPortraitUpsideDown UIInterfaceOrientationLandscapeLeft UIInterfaceOrientationLandscapeRight";
				INFOPLIST_KEY_UISupportedInterfaceOrientations_iPhone = "UIInterfaceOrientationPortrait UIInterfaceOrientationLandscapeLeft UIInterfaceOrientationLandscapeRight";
				IPHONEOS_DEPLOYMENT_TARGET = 14.0;
				LD_RUNPATH_SEARCH_PATHS = (
					"$(inherited)",
					"@executable_path/Frameworks",
				);
				MARKETING_VERSION = 1.0;
				PRODUCT_BUNDLE_IDENTIFIER = "com.wwdc.WWDC-2021";
				PRODUCT_NAME = "$(TARGET_NAME)";
				SWIFT_EMIT_LOC_STRINGS = YES;
				SWIFT_VERSION = 5.0;
				TARGETED_DEVICE_FAMILY = "1,2";
			};
			name = Debug;
		};
		BA35BDDB26762D3A004BAEB9 /* Release */ = {
			isa = XCBuildConfiguration;
			buildSettings = {
				ASSETCATALOG_COMPILER_APPICON_NAME = AppIcon;
				ASSETCATALOG_COMPILER_GLOBAL_ACCENT_COLOR_NAME = AccentColor;
				CODE_SIGN_STYLE = Automatic;
				CURRENT_PROJECT_VERSION = 1;
				DEVELOPMENT_ASSET_PATHS = "\"WWDC-2021/Preview Content\"";
				ENABLE_PREVIEWS = YES;
				GENERATE_INFOPLIST_FILE = YES;
				INFOPLIST_KEY_UIApplicationSceneManifest_Generation = YES;
				INFOPLIST_KEY_UIApplicationSupportsIndirectInputEvents = YES;
				INFOPLIST_KEY_UILaunchScreen_Generation = YES;
				INFOPLIST_KEY_UISupportedInterfaceOrientations_iPad = "UIInterfaceOrientationPortrait UIInterfaceOrientationPortraitUpsideDown UIInterfaceOrientationLandscapeLeft UIInterfaceOrientationLandscapeRight";
				INFOPLIST_KEY_UISupportedInterfaceOrientations_iPhone = "UIInterfaceOrientationPortrait UIInterfaceOrientationLandscapeLeft UIInterfaceOrientationLandscapeRight";
				IPHONEOS_DEPLOYMENT_TARGET = 14.0;
				LD_RUNPATH_SEARCH_PATHS = (
					"$(inherited)",
					"@executable_path/Frameworks",
				);
				MARKETING_VERSION = 1.0;
				PRODUCT_BUNDLE_IDENTIFIER = "com.wwdc.WWDC-2021";
				PRODUCT_NAME = "$(TARGET_NAME)";
				SWIFT_EMIT_LOC_STRINGS = YES;
				SWIFT_VERSION = 5.0;
				TARGETED_DEVICE_FAMILY = "1,2";
			};
			name = Release;
		};
		BA35BDDD26762D3A004BAEB9 /* Debug */ = {
			isa = XCBuildConfiguration;
			buildSettings = {
				ALWAYS_EMBED_SWIFT_STANDARD_LIBRARIES = YES;
				BUNDLE_LOADER = "$(TEST_HOST)";
				CODE_SIGN_STYLE = Automatic;
				CURRENT_PROJECT_VERSION = 1;
				GENERATE_INFOPLIST_FILE = YES;
				IPHONEOS_DEPLOYMENT_TARGET = 14.0;
				LD_RUNPATH_SEARCH_PATHS = (
					"$(inherited)",
					"@executable_path/Frameworks",
					"@loader_path/Frameworks",
				);
				MARKETING_VERSION = 1.0;
				PRODUCT_BUNDLE_IDENTIFIER = "com.wwdc.WWDC-2021Tests";
				PRODUCT_NAME = "$(TARGET_NAME)";
				SWIFT_EMIT_LOC_STRINGS = NO;
				SWIFT_VERSION = 5.0;
				TARGETED_DEVICE_FAMILY = "1,2";
				TEST_HOST = "$(BUILT_PRODUCTS_DIR)/WWDC-2021.app/WWDC-2021";
			};
			name = Debug;
		};
		BA35BDDE26762D3A004BAEB9 /* Release */ = {
			isa = XCBuildConfiguration;
			buildSettings = {
				ALWAYS_EMBED_SWIFT_STANDARD_LIBRARIES = YES;
				BUNDLE_LOADER = "$(TEST_HOST)";
				CODE_SIGN_STYLE = Automatic;
				CURRENT_PROJECT_VERSION = 1;
				GENERATE_INFOPLIST_FILE = YES;
				IPHONEOS_DEPLOYMENT_TARGET = 14.0;
				LD_RUNPATH_SEARCH_PATHS = (
					"$(inherited)",
					"@executable_path/Frameworks",
					"@loader_path/Frameworks",
				);
				MARKETING_VERSION = 1.0;
				PRODUCT_BUNDLE_IDENTIFIER = "com.wwdc.WWDC-2021Tests";
				PRODUCT_NAME = "$(TARGET_NAME)";
				SWIFT_EMIT_LOC_STRINGS = NO;
				SWIFT_VERSION = 5.0;
				TARGETED_DEVICE_FAMILY = "1,2";
				TEST_HOST = "$(BUILT_PRODUCTS_DIR)/WWDC-2021.app/WWDC-2021";
			};
			name = Release;
		};
		BA35BDE026762D3A004BAEB9 /* Debug */ = {
			isa = XCBuildConfiguration;
			buildSettings = {
				ALWAYS_EMBED_SWIFT_STANDARD_LIBRARIES = YES;
				CODE_SIGN_STYLE = Automatic;
				CURRENT_PROJECT_VERSION = 1;
				GENERATE_INFOPLIST_FILE = YES;
				LD_RUNPATH_SEARCH_PATHS = (
					"$(inherited)",
					"@executable_path/Frameworks",
					"@loader_path/Frameworks",
				);
				MARKETING_VERSION = 1.0;
				PRODUCT_BUNDLE_IDENTIFIER = "com.wwdc.WWDC-2021UITests";
				PRODUCT_NAME = "$(TARGET_NAME)";
				SWIFT_EMIT_LOC_STRINGS = NO;
				SWIFT_VERSION = 5.0;
				TARGETED_DEVICE_FAMILY = "1,2";
				TEST_TARGET_NAME = "WWDC-2021";
			};
			name = Debug;
		};
		BA35BDE126762D3A004BAEB9 /* Release */ = {
			isa = XCBuildConfiguration;
			buildSettings = {
				ALWAYS_EMBED_SWIFT_STANDARD_LIBRARIES = YES;
				CODE_SIGN_STYLE = Automatic;
				CURRENT_PROJECT_VERSION = 1;
				GENERATE_INFOPLIST_FILE = YES;
				LD_RUNPATH_SEARCH_PATHS = (
					"$(inherited)",
					"@executable_path/Frameworks",
					"@loader_path/Frameworks",
				);
				MARKETING_VERSION = 1.0;
				PRODUCT_BUNDLE_IDENTIFIER = "com.wwdc.WWDC-2021UITests";
				PRODUCT_NAME = "$(TARGET_NAME)";
				SWIFT_EMIT_LOC_STRINGS = NO;
				SWIFT_VERSION = 5.0;
				TARGETED_DEVICE_FAMILY = "1,2";
				TEST_TARGET_NAME = "WWDC-2021";
			};
			name = Release;
		};
/* End XCBuildConfiguration section */

/* Begin XCConfigurationList section */
		BA35BDB226762D37004BAEB9 /* Build configuration list for PBXProject "WWDC-2021" */ = {
			isa = XCConfigurationList;
			buildConfigurations = (
				BA35BDD726762D3A004BAEB9 /* Debug */,
				BA35BDD826762D3A004BAEB9 /* Release */,
			);
			defaultConfigurationIsVisible = 0;
			defaultConfigurationName = Release;
		};
		BA35BDD926762D3A004BAEB9 /* Build configuration list for PBXNativeTarget "WWDC-2021" */ = {
			isa = XCConfigurationList;
			buildConfigurations = (
				BA35BDDA26762D3A004BAEB9 /* Debug */,
				BA35BDDB26762D3A004BAEB9 /* Release */,
			);
			defaultConfigurationIsVisible = 0;
			defaultConfigurationName = Release;
		};
		BA35BDDC26762D3A004BAEB9 /* Build configuration list for PBXNativeTarget "WWDC-2021Tests" */ = {
			isa = XCConfigurationList;
			buildConfigurations = (
				BA35BDDD26762D3A004BAEB9 /* Debug */,
				BA35BDDE26762D3A004BAEB9 /* Release */,
			);
			defaultConfigurationIsVisible = 0;
			defaultConfigurationName = Release;
		};
		BA35BDDF26762D3A004BAEB9 /* Build configuration list for PBXNativeTarget "WWDC-2021UITests" */ = {
			isa = XCConfigurationList;
			buildConfigurations = (
				BA35BDE026762D3A004BAEB9 /* Debug */,
				BA35BDE126762D3A004BAEB9 /* Release */,
			);
			defaultConfigurationIsVisible = 0;
			defaultConfigurationName = Release;
		};
/* End XCConfigurationList section */
	};
	rootObject = BA35BDAF26762D37004BAEB9 /* Project object */;
}
